
Microsoft Visual Studio Solution File, Format Version 12.00
# Visual Studio Version 16
VisualStudioVersion = 16.0.31205.134
MinimumVisualStudioVersion = 10.0.40219.1
Project("{FAE04EC0-301F-11D3-BF4B-00C04F79EFBC}") = "LibraryManegement", "LibraryManegement.csproj", "{29771D49-CAB4-425F-9A9D-C78A32D277AB}"
EndProject
Global
	GlobalSection(SolutionConfigurationPlatforms) = preSolution
		Debug|Any CPU = Debug|Any CPU
		Release|Any CPU = Release|Any CPU
	EndGlobalSection
	GlobalSection(ProjectConfigurationPlatforms) = postSolution
		{29771D49-CAB4-425F-9A9D-C78A32D277AB}.Debug|Any CPU.ActiveCfg = Debug|Any CPU
		{29771D49-CAB4-425F-9A9D-C78A32D277AB}.Debug|Any CPU.Build.0 = Debug|Any CPU
		{29771D49-CAB4-425F-9A9D-C78A32D277AB}.Release|Any CPU.ActiveCfg = Release|Any CPU
		{29771D49-CAB4-425F-9A9D-C78A32D277AB}.Release|Any CPU.Build.0 = Release|Any CPU
	EndGlobalSection
	GlobalSection(SolutionProperties) = preSolution
		HideSolutionNode = FALSE
	EndGlobalSection
	GlobalSection(ExtensibilityGlobals) = postSolution
		SolutionGuid = {2B4CA4D7-1D08-4C9B-BAB7-C0482880E5B5}
	EndGlobalSection
EndGlobal
